
Microsoft Visual Studio Solution File, Format Version 12.00
# Visual Studio Version 17
VisualStudioVersion = 17.9.34728.123
MinimumVisualStudioVersion = 10.0.40219.1
Project("{9A19103F-16F7-4668-BE54-9A1E7A4F7556}") = "Q.78800876", "Q.78800876\Q.78800876.csproj", "{F52FA808-AE7E-4A94-9C98-6F9CB1111E71}"
EndProject
Global
	GlobalSection(SolutionConfigurationPlatforms) = preSolution
		Debug|Any CPU = Debug|Any CPU
		Release|Any CPU = Release|Any CPU
	EndGlobalSection
	GlobalSection(ProjectConfigurationPlatforms) = postSolution
		{F52FA808-AE7E-4A94-9C98-6F9CB1111E71}.Debug|Any CPU.ActiveCfg = Debug|Any CPU
		{F52FA808-AE7E-4A94-9C98-6F9CB1111E71}.Debug|Any CPU.Build.0 = Debug|Any CPU
		{F52FA808-AE7E-4A94-9C98-6F9CB1111E71}.Release|Any CPU.ActiveCfg = Release|Any CPU
		{F52FA808-AE7E-4A94-9C98-6F9CB1111E71}.Release|Any CPU.Build.0 = Release|Any CPU
	EndGlobalSection
	GlobalSection(SolutionProperties) = preSolution
		HideSolutionNode = FALSE
	EndGlobalSection
	GlobalSection(ExtensibilityGlobals) = postSolution
		SolutionGuid = {B30555E9-35BE-4D98-A17C-3047AF28E0BD}
	EndGlobalSection
EndGlobal
