
Microsoft Visual Studio Solution File, Format Version 12.00
# Visual Studio Version 17
VisualStudioVersion = 17.9.34728.123
MinimumVisualStudioVersion = 10.0.40219.1
Project("{FAE04EC0-301F-11D3-BF4B-00C04F79EFBC}") = "Q.78800876", "How to get environment name in Program.cs file in .NET 8\Q.78800876.csproj", "{B42BE5EC-9C4D-432D-8BFC-1C6D133DF989}"
EndProject
Global
	GlobalSection(SolutionConfigurationPlatforms) = preSolution
		Debug|Any CPU = Debug|Any CPU
		Release|Any CPU = Release|Any CPU
	EndGlobalSection
	GlobalSection(ProjectConfigurationPlatforms) = postSolution
		{B42BE5EC-9C4D-432D-8BFC-1C6D133DF989}.Debug|Any CPU.ActiveCfg = Debug|Any CPU
		{B42BE5EC-9C4D-432D-8BFC-1C6D133DF989}.Debug|Any CPU.Build.0 = Debug|Any CPU
		{B42BE5EC-9C4D-432D-8BFC-1C6D133DF989}.Release|Any CPU.ActiveCfg = Release|Any CPU
		{B42BE5EC-9C4D-432D-8BFC-1C6D133DF989}.Release|Any CPU.Build.0 = Release|Any CPU
	EndGlobalSection
	GlobalSection(SolutionProperties) = preSolution
		HideSolutionNode = FALSE
	EndGlobalSection
	GlobalSection(ExtensibilityGlobals) = postSolution
		SolutionGuid = {B30555E9-35BE-4D98-A17C-3047AF28E0BD}
	EndGlobalSection
EndGlobal
